// !$*UTF8*$!
{
	archiveVersion = 1;
	classes = {
	};
	objectVersion = 50;
	objects = {

/* Begin PBXBuildFile section */
		E3281E0121599845008355B5 /* AppDelegate.swift in Sources */ = {isa = PBXBuildFile; fileRef = E3281E0021599845008355B5 /* AppDelegate.swift */; };
		E3281E0321599845008355B5 /* ViewController.swift in Sources */ = {isa = PBXBuildFile; fileRef = E3281E0221599845008355B5 /* ViewController.swift */; };
		E3281E0621599845008355B5 /* Main.storyboard in Resources */ = {isa = PBXBuildFile; fileRef = E3281E0421599845008355B5 /* Main.storyboard */; };
		E3281E082159984B008355B5 /* Assets.xcassets in Resources */ = {isa = PBXBuildFile; fileRef = E3281E072159984B008355B5 /* Assets.xcassets */; };
		E3281E0B2159984B008355B5 /* LaunchScreen.storyboard in Resources */ = {isa = PBXBuildFile; fileRef = E3281E092159984B008355B5 /* LaunchScreen.storyboard */; };
		E3281E162159984C008355B5 /* gpa_calculatorTests.swift in Sources */ = {isa = PBXBuildFile; fileRef = E3281E152159984C008355B5 /* gpa_calculatorTests.swift */; };
		E3281E212159984C008355B5 /* gpa_calculatorUITests.swift in Sources */ = {isa = PBXBuildFile; fileRef = E3281E202159984C008355B5 /* gpa_calculatorUITests.swift */; };
		E3281E2F21599C0D008355B5 /* ClassTableViewCell.swift in Sources */ = {isa = PBXBuildFile; fileRef = E3281E2E21599C0D008355B5 /* ClassTableViewCell.swift */; };
		E3281E3121599D1B008355B5 /* Class.swift in Sources */ = {isa = PBXBuildFile; fileRef = E3281E3021599D1B008355B5 /* Class.swift */; };
		E3281E332159A3A0008355B5 /* AddViewController.swift in Sources */ = {isa = PBXBuildFile; fileRef = E3281E322159A3A0008355B5 /* AddViewController.swift */; };
/* End PBXBuildFile section */

/* Begin PBXContainerItemProxy section */
		E3281E122159984C008355B5 /* PBXContainerItemProxy */ = {
			isa = PBXContainerItemProxy;
			containerPortal = E3281DF521599845008355B5 /* Project object */;
			proxyType = 1;
			remoteGlobalIDString = E3281DFC21599845008355B5;
			remoteInfo = "gpa-calculator";
		};
		E3281E1D2159984C008355B5 /* PBXContainerItemProxy */ = {
			isa = PBXContainerItemProxy;
			containerPortal = E3281DF521599845008355B5 /* Project object */;
			proxyType = 1;
			remoteGlobalIDString = E3281DFC21599845008355B5;
			remoteInfo = "gpa-calculator";
		};
/* End PBXContainerItemProxy section */

/* Begin PBXFileReference section */
		E3281DFD21599845008355B5 /* gpa-calculator.app */ = {isa = PBXFileReference; explicitFileType = wrapper.application; includeInIndex = 0; path = "gpa-calculator.app"; sourceTree = BUILT_PRODUCTS_DIR; };
		E3281E0021599845008355B5 /* AppDelegate.swift */ = {isa = PBXFileReference; lastKnownFileType = sourcecode.swift; path = AppDelegate.swift; sourceTree = "<group>"; };
		E3281E0221599845008355B5 /* ViewController.swift */ = {isa = PBXFileReference; lastKnownFileType = sourcecode.swift; path = ViewController.swift; sourceTree = "<group>"; };
		E3281E0521599845008355B5 /* Base */ = {isa = PBXFileReference; lastKnownFileType = file.storyboard; name = Base; path = Base.lproj/Main.storyboard; sourceTree = "<group>"; };
		E3281E072159984B008355B5 /* Assets.xcassets */ = {isa = PBXFileReference; lastKnownFileType = folder.assetcatalog; path = Assets.xcassets; sourceTree = "<group>"; };
		E3281E0A2159984B008355B5 /* Base */ = {isa = PBXFileReference; lastKnownFileType = file.storyboard; name = Base; path = Base.lproj/LaunchScreen.storyboard; sourceTree = "<group>"; };
		E3281E0C2159984B008355B5 /* Info.plist */ = {isa = PBXFileReference; lastKnownFileType = text.plist.xml; path = Info.plist; sourceTree = "<group>"; };
		E3281E112159984C008355B5 /* gpa-calculatorTests.xctest */ = {isa = PBXFileReference; explicitFileType = wrapper.cfbundle; includeInIndex = 0; path = "gpa-calculatorTests.xctest"; sourceTree = BUILT_PRODUCTS_DIR; };
		E3281E152159984C008355B5 /* gpa_calculatorTests.swift */ = {isa = PBXFileReference; lastKnownFileType = sourcecode.swift; path = gpa_calculatorTests.swift; sourceTree = "<group>"; };
		E3281E172159984C008355B5 /* Info.plist */ = {isa = PBXFileReference; lastKnownFileType = text.plist.xml; path = Info.plist; sourceTree = "<group>"; };
		E3281E1C2159984C008355B5 /* gpa-calculatorUITests.xctest */ = {isa = PBXFileReference; explicitFileType = wrapper.cfbundle; includeInIndex = 0; path = "gpa-calculatorUITests.xctest"; sourceTree = BUILT_PRODUCTS_DIR; };
		E3281E202159984C008355B5 /* gpa_calculatorUITests.swift */ = {isa = PBXFileReference; lastKnownFileType = sourcecode.swift; path = gpa_calculatorUITests.swift; sourceTree = "<group>"; };
		E3281E222159984C008355B5 /* Info.plist */ = {isa = PBXFileReference; lastKnownFileType = text.plist.xml; path = Info.plist; sourceTree = "<group>"; };
		E3281E2E21599C0D008355B5 /* ClassTableViewCell.swift */ = {isa = PBXFileReference; lastKnownFileType = sourcecode.swift; path = ClassTableViewCell.swift; sourceTree = "<group>"; };
		E3281E3021599D1B008355B5 /* Class.swift */ = {isa = PBXFileReference; lastKnownFileType = sourcecode.swift; path = Class.swift; sourceTree = "<group>"; };
		E3281E322159A3A0008355B5 /* AddViewController.swift */ = {isa = PBXFileReference; lastKnownFileType = sourcecode.swift; path = AddViewController.swift; sourceTree = "<group>"; };
/* End PBXFileReference section */

/* Begin PBXFrameworksBuildPhase section */
		E3281DFA21599845008355B5 /* Frameworks */ = {
			isa = PBXFrameworksBuildPhase;
			buildActionMask = 2147483647;
			files = (
			);
			runOnlyForDeploymentPostprocessing = 0;
		};
		E3281E0E2159984C008355B5 /* Frameworks */ = {
			isa = PBXFrameworksBuildPhase;
			buildActionMask = 2147483647;
			files = (
			);
			runOnlyForDeploymentPostprocessing = 0;
		};
		E3281E192159984C008355B5 /* Frameworks */ = {
			isa = PBXFrameworksBuildPhase;
			buildActionMask = 2147483647;
			files = (
			);
			runOnlyForDeploymentPostprocessing = 0;
		};
/* End PBXFrameworksBuildPhase section */

/* Begin PBXGroup section */
		E3281DF421599845008355B5 = {
			isa = PBXGroup;
			children = (
				E3281DFF21599845008355B5 /* gpa-calculator */,
				E3281E142159984C008355B5 /* gpa-calculatorTests */,
				E3281E1F2159984C008355B5 /* gpa-calculatorUITests */,
				E3281DFE21599845008355B5 /* Products */,
			);
			sourceTree = "<group>";
		};
		E3281DFE21599845008355B5 /* Products */ = {
			isa = PBXGroup;
			children = (
				E3281DFD21599845008355B5 /* gpa-calculator.app */,
				E3281E112159984C008355B5 /* gpa-calculatorTests.xctest */,
				E3281E1C2159984C008355B5 /* gpa-calculatorUITests.xctest */,
			);
			name = Products;
			sourceTree = "<group>";
		};
		E3281DFF21599845008355B5 /* gpa-calculator */ = {
			isa = PBXGroup;
			children = (
				E3281E0021599845008355B5 /* AppDelegate.swift */,
				E3281E0221599845008355B5 /* ViewController.swift */,
				E3281E0421599845008355B5 /* Main.storyboard */,
				E3281E072159984B008355B5 /* Assets.xcassets */,
				E3281E092159984B008355B5 /* LaunchScreen.storyboard */,
				E3281E0C2159984B008355B5 /* Info.plist */,
				E3281E2E21599C0D008355B5 /* ClassTableViewCell.swift */,
				E3281E3021599D1B008355B5 /* Class.swift */,
				E3281E322159A3A0008355B5 /* AddViewController.swift */,
			);
			path = "gpa-calculator";
			sourceTree = "<group>";
		};
		E3281E142159984C008355B5 /* gpa-calculatorTests */ = {
			isa = PBXGroup;
			children = (
				E3281E152159984C008355B5 /* gpa_calculatorTests.swift */,
				E3281E172159984C008355B5 /* Info.plist */,
			);
			path = "gpa-calculatorTests";
			sourceTree = "<group>";
		};
		E3281E1F2159984C008355B5 /* gpa-calculatorUITests */ = {
			isa = PBXGroup;
			children = (
				E3281E202159984C008355B5 /* gpa_calculatorUITests.swift */,
				E3281E222159984C008355B5 /* Info.plist */,
			);
			path = "gpa-calculatorUITests";
			sourceTree = "<group>";
		};
/* End PBXGroup section */

/* Begin PBXNativeTarget section */
		E3281DFC21599845008355B5 /* gpa-calculator */ = {
			isa = PBXNativeTarget;
			buildConfigurationList = E3281E252159984C008355B5 /* Build configuration list for PBXNativeTarget "gpa-calculator" */;
			buildPhases = (
				E3281DF921599845008355B5 /* Sources */,
				E3281DFA21599845008355B5 /* Frameworks */,
				E3281DFB21599845008355B5 /* Resources */,
			);
			buildRules = (
			);
			dependencies = (
			);
			name = "gpa-calculator";
			productName = "gpa-calculator";
			productReference = E3281DFD21599845008355B5 /* gpa-calculator.app */;
			productType = "com.apple.product-type.application";
		};
		E3281E102159984C008355B5 /* gpa-calculatorTests */ = {
			isa = PBXNativeTarget;
			buildConfigurationList = E3281E282159984C008355B5 /* Build configuration list for PBXNativeTarget "gpa-calculatorTests" */;
			buildPhases = (
				E3281E0D2159984C008355B5 /* Sources */,
				E3281E0E2159984C008355B5 /* Frameworks */,
				E3281E0F2159984C008355B5 /* Resources */,
			);
			buildRules = (
			);
			dependencies = (
				E3281E132159984C008355B5 /* PBXTargetDependency */,
			);
			name = "gpa-calculatorTests";
			productName = "gpa-calculatorTests";
			productReference = E3281E112159984C008355B5 /* gpa-calculatorTests.xctest */;
			productType = "com.apple.product-type.bundle.unit-test";
		};
		E3281E1B2159984C008355B5 /* gpa-calculatorUITests */ = {
			isa = PBXNativeTarget;
			buildConfigurationList = E3281E2B2159984C008355B5 /* Build configuration list for PBXNativeTarget "gpa-calculatorUITests" */;
			buildPhases = (
				E3281E182159984C008355B5 /* Sources */,
				E3281E192159984C008355B5 /* Frameworks */,
				E3281E1A2159984C008355B5 /* Resources */,
			);
			buildRules = (
			);
			dependencies = (
				E3281E1E2159984C008355B5 /* PBXTargetDependency */,
			);
			name = "gpa-calculatorUITests";
			productName = "gpa-calculatorUITests";
			productReference = E3281E1C2159984C008355B5 /* gpa-calculatorUITests.xctest */;
			productType = "com.apple.product-type.bundle.ui-testing";
		};
/* End PBXNativeTarget section */

/* Begin PBXProject section */
		E3281DF521599845008355B5 /* Project object */ = {
			isa = PBXProject;
			attributes = {
				LastSwiftUpdateCheck = 1000;
				LastUpgradeCheck = 1000;
				ORGANIZATIONNAME = "Harjas Monga";
				TargetAttributes = {
					E3281DFC21599845008355B5 = {
						CreatedOnToolsVersion = 10.0;
					};
					E3281E102159984C008355B5 = {
						CreatedOnToolsVersion = 10.0;
						TestTargetID = E3281DFC21599845008355B5;
					};
					E3281E1B2159984C008355B5 = {
						CreatedOnToolsVersion = 10.0;
						TestTargetID = E3281DFC21599845008355B5;
					};
				};
			};
			buildConfigurationList = E3281DF821599845008355B5 /* Build configuration list for PBXProject "gpa-calculator" */;
			compatibilityVersion = "Xcode 9.3";
			developmentRegion = en;
			hasScannedForEncodings = 0;
			knownRegions = (
				en,
				Base,
			);
			mainGroup = E3281DF421599845008355B5;
			productRefGroup = E3281DFE21599845008355B5 /* Products */;
			projectDirPath = "";
			projectRoot = "";
			targets = (
				E3281DFC21599845008355B5 /* gpa-calculator */,
				E3281E102159984C008355B5 /* gpa-calculatorTests */,
				E3281E1B2159984C008355B5 /* gpa-calculatorUITests */,
			);
		};
/* End PBXProject section */

/* Begin PBXResourcesBuildPhase section */
		E3281DFB21599845008355B5 /* Resources */ = {
			isa = PBXResourcesBuildPhase;
			buildActionMask = 2147483647;
			files = (
				E3281E0B2159984B008355B5 /* LaunchScreen.storyboard in Resources */,
				E3281E082159984B008355B5 /* Assets.xcassets in Resources */,
				E3281E0621599845008355B5 /* Main.storyboard in Resources */,
			);
			runOnlyForDeploymentPostprocessing = 0;
		};
		E3281E0F2159984C008355B5 /* Resources */ = {
			isa = PBXResourcesBuildPhase;
			buildActionMask = 2147483647;
			files = (
			);
			runOnlyForDeploymentPostprocessing = 0;
		};
		E3281E1A2159984C008355B5 /* Resources */ = {
			isa = PBXResourcesBuildPhase;
			buildActionMask = 2147483647;
			files = (
			);
			runOnlyForDeploymentPostprocessing = 0;
		};
/* End PBXResourcesBuildPhase section */

/* Begin PBXSourcesBuildPhase section */
		E3281DF921599845008355B5 /* Sources */ = {
			isa = PBXSourcesBuildPhase;
			buildActionMask = 2147483647;
			files = (
				E3281E332159A3A0008355B5 /* AddViewController.swift in Sources */,
				E3281E3121599D1B008355B5 /* Class.swift in Sources */,
				E3281E0321599845008355B5 /* ViewController.swift in Sources */,
				E3281E0121599845008355B5 /* AppDelegate.swift in Sources */,
				E3281E2F21599C0D008355B5 /* ClassTableViewCell.swift in Sources */,
			);
			runOnlyForDeploymentPostprocessing = 0;
		};
		E3281E0D2159984C008355B5 /* Sources */ = {
			isa = PBXSourcesBuildPhase;
			buildActionMask = 2147483647;
			files = (
				E3281E162159984C008355B5 /* gpa_calculatorTests.swift in Sources */,
			);
			runOnlyForDeploymentPostprocessing = 0;
		};
		E3281E182159984C008355B5 /* Sources */ = {
			isa = PBXSourcesBuildPhase;
			buildActionMask = 2147483647;
			files = (
				E3281E212159984C008355B5 /* gpa_calculatorUITests.swift in Sources */,
			);
			runOnlyForDeploymentPostprocessing = 0;
		};
/* End PBXSourcesBuildPhase section */

/* Begin PBXTargetDependency section */
		E3281E132159984C008355B5 /* PBXTargetDependency */ = {
			isa = PBXTargetDependency;
			target = E3281DFC21599845008355B5 /* gpa-calculator */;
			targetProxy = E3281E122159984C008355B5 /* PBXContainerItemProxy */;
		};
		E3281E1E2159984C008355B5 /* PBXTargetDependency */ = {
			isa = PBXTargetDependency;
			target = E3281DFC21599845008355B5 /* gpa-calculator */;
			targetProxy = E3281E1D2159984C008355B5 /* PBXContainerItemProxy */;
		};
/* End PBXTargetDependency section */

/* Begin PBXVariantGroup section */
		E3281E0421599845008355B5 /* Main.storyboard */ = {
			isa = PBXVariantGroup;
			children = (
				E3281E0521599845008355B5 /* Base */,
			);
			name = Main.storyboard;
			sourceTree = "<group>";
		};
		E3281E092159984B008355B5 /* LaunchScreen.storyboard */ = {
			isa = PBXVariantGroup;
			children = (
				E3281E0A2159984B008355B5 /* Base */,
			);
			name = LaunchScreen.storyboard;
			sourceTree = "<group>";
		};
/* End PBXVariantGroup section */

/* Begin XCBuildConfiguration section */
		E3281E232159984C008355B5 /* Debug */ = {
			isa = XCBuildConfiguration;
			buildSettings = {
				ALWAYS_SEARCH_USER_PATHS = NO;
				CLANG_ANALYZER_NONNULL = YES;
				CLANG_ANALYZER_NUMBER_OBJECT_CONVERSION = YES_AGGRESSIVE;
				CLANG_CXX_LANGUAGE_STANDARD = "gnu++14";
				CLANG_CXX_LIBRARY = "libc++";
				CLANG_ENABLE_MODULES = YES;
				CLANG_ENABLE_OBJC_ARC = YES;
				CLANG_ENABLE_OBJC_WEAK = YES;
				CLANG_WARN_BLOCK_CAPTURE_AUTORELEASING = YES;
				CLANG_WARN_BOOL_CONVERSION = YES;
				CLANG_WARN_COMMA = YES;
				CLANG_WARN_CONSTANT_CONVERSION = YES;
				CLANG_WARN_DEPRECATED_OBJC_IMPLEMENTATIONS = YES;
				CLANG_WARN_DIRECT_OBJC_ISA_USAGE = YES_ERROR;
				CLANG_WARN_DOCUMENTATION_COMMENTS = YES;
				CLANG_WARN_EMPTY_BODY = YES;
				CLANG_WARN_ENUM_CONVERSION = YES;
				CLANG_WARN_INFINITE_RECURSION = YES;
				CLANG_WARN_INT_CONVERSION = YES;
				CLANG_WARN_NON_LITERAL_NULL_CONVERSION = YES;
				CLANG_WARN_OBJC_IMPLICIT_RETAIN_SELF = YES;
				CLANG_WARN_OBJC_LITERAL_CONVERSION = YES;
				CLANG_WARN_OBJC_ROOT_CLASS = YES_ERROR;
				CLANG_WARN_RANGE_LOOP_ANALYSIS = YES;
				CLANG_WARN_STRICT_PROTOTYPES = YES;
				CLANG_WARN_SUSPICIOUS_MOVE = YES;
				CLANG_WARN_UNGUARDED_AVAILABILITY = YES_AGGRESSIVE;
				CLANG_WARN_UNREACHABLE_CODE = YES;
				CLANG_WARN__DUPLICATE_METHOD_MATCH = YES;
				CODE_SIGN_IDENTITY = "iPhone Developer";
				COPY_PHASE_STRIP = NO;
				DEBUG_INFORMATION_FORMAT = dwarf;
				ENABLE_STRICT_OBJC_MSGSEND = YES;
				ENABLE_TESTABILITY = YES;
				GCC_C_LANGUAGE_STANDARD = gnu11;
				GCC_DYNAMIC_NO_PIC = NO;
				GCC_NO_COMMON_BLOCKS = YES;
				GCC_OPTIMIZATION_LEVEL = 0;
				GCC_PREPROCESSOR_DEFINITIONS = (
					"DEBUG=1",
					"$(inherited)",
				);
				GCC_WARN_64_TO_32_BIT_CONVERSION = YES;
				GCC_WARN_ABOUT_RETURN_TYPE = YES_ERROR;
				GCC_WARN_UNDECLARED_SELECTOR = YES;
				GCC_WARN_UNINITIALIZED_AUTOS = YES_AGGRESSIVE;
				GCC_WARN_UNUSED_FUNCTION = YES;
				GCC_WARN_UNUSED_VARIABLE = YES;
				IPHONEOS_DEPLOYMENT_TARGET = 12.0;
				MTL_ENABLE_DEBUG_INFO = INCLUDE_SOURCE;
				MTL_FAST_MATH = YES;
				ONLY_ACTIVE_ARCH = YES;
				SDKROOT = iphoneos;
				SWIFT_ACTIVE_COMPILATION_CONDITIONS = DEBUG;
				SWIFT_OPTIMIZATION_LEVEL = "-Onone";
			};
			name = Debug;
		};
		E3281E242159984C008355B5 /* Release */ = {
			isa = XCBuildConfiguration;
			buildSettings = {
				ALWAYS_SEARCH_USER_PATHS = NO;
				CLANG_ANALYZER_NONNULL = YES;
				CLANG_ANALYZER_NUMBER_OBJECT_CONVERSION = YES_AGGRESSIVE;
				CLANG_CXX_LANGUAGE_STANDARD = "gnu++14";
				CLANG_CXX_LIBRARY = "libc++";
				CLANG_ENABLE_MODULES = YES;
				CLANG_ENABLE_OBJC_ARC = YES;
				CLANG_ENABLE_OBJC_WEAK = YES;
				CLANG_WARN_BLOCK_CAPTURE_AUTORELEASING = YES;
				CLANG_WARN_BOOL_CONVERSION = YES;
				CLANG_WARN_COMMA = YES;
				CLANG_WARN_CONSTANT_CONVERSION = YES;
				CLANG_WARN_DEPRECATED_OBJC_IMPLEMENTATIONS = YES;
				CLANG_WARN_DIRECT_OBJC_ISA_USAGE = YES_ERROR;
				CLANG_WARN_DOCUMENTATION_COMMENTS = YES;
				CLANG_WARN_EMPTY_BODY = YES;
				CLANG_WARN_ENUM_CONVERSION = YES;
				CLANG_WARN_INFINITE_RECURSION = YES;
				CLANG_WARN_INT_CONVERSION = YES;
				CLANG_WARN_NON_LITERAL_NULL_CONVERSION = YES;
				CLANG_WARN_OBJC_IMPLICIT_RETAIN_SELF = YES;
				CLANG_WARN_OBJC_LITERAL_CONVERSION = YES;
				CLANG_WARN_OBJC_ROOT_CLASS = YES_ERROR;
				CLANG_WARN_RANGE_LOOP_ANALYSIS = YES;
				CLANG_WARN_STRICT_PROTOTYPES = YES;
				CLANG_WARN_SUSPICIOUS_MOVE = YES;
				CLANG_WARN_UNGUARDED_AVAILABILITY = YES_AGGRESSIVE;
				CLANG_WARN_UNREACHABLE_CODE = YES;
				CLANG_WARN__DUPLICATE_METHOD_MATCH = YES;
				CODE_SIGN_IDENTITY = "iPhone Developer";
				COPY_PHASE_STRIP = NO;
				DEBUG_INFORMATION_FORMAT = "dwarf-with-dsym";
				ENABLE_NS_ASSERTIONS = NO;
				ENABLE_STRICT_OBJC_MSGSEND = YES;
				GCC_C_LANGUAGE_STANDARD = gnu11;
				GCC_NO_COMMON_BLOCKS = YES;
				GCC_WARN_64_TO_32_BIT_CONVERSION = YES;
				GCC_WARN_ABOUT_RETURN_TYPE = YES_ERROR;
				GCC_WARN_UNDECLARED_SELECTOR = YES;
				GCC_WARN_UNINITIALIZED_AUTOS = YES_AGGRESSIVE;
				GCC_WARN_UNUSED_FUNCTION = YES;
				GCC_WARN_UNUSED_VARIABLE = YES;
				IPHONEOS_DEPLOYMENT_TARGET = 12.0;
				MTL_ENABLE_DEBUG_INFO = NO;
				MTL_FAST_MATH = YES;
				SDKROOT = iphoneos;
				SWIFT_COMPILATION_MODE = wholemodule;
				SWIFT_OPTIMIZATION_LEVEL = "-O";
				VALIDATE_PRODUCT = YES;
			};
			name = Release;
		};
		E3281E262159984C008355B5 /* Debug */ = {
			isa = XCBuildConfiguration;
			buildSettings = {
				ASSETCATALOG_COMPILER_APPICON_NAME = AppIcon;
				CODE_SIGN_STYLE = Automatic;
				DEVELOPMENT_TEAM = 58S676664G;
				INFOPLIST_FILE = "gpa-calculator/Info.plist";
				LD_RUNPATH_SEARCH_PATHS = (
					"$(inherited)",
					"@executable_path/Frameworks",
				);
				PRODUCT_BUNDLE_IDENTIFIER = "harjasmonga.gpa-calculator";
				PRODUCT_NAME = "$(TARGET_NAME)";
				SWIFT_VERSION = 4.2;
				TARGETED_DEVICE_FAMILY = "1,2";
			};
			name = Debug;
		};
		E3281E272159984C008355B5 /* Release */ = {
			isa = XCBuildConfiguration;
			buildSettings = {
				ASSETCATALOG_COMPILER_APPICON_NAME = AppIcon;
				CODE_SIGN_STYLE = Automatic;
				DEVELOPMENT_TEAM = 58S676664G;
				INFOPLIST_FILE = "gpa-calculator/Info.plist";
				LD_RUNPATH_SEARCH_PATHS = (
					"$(inherited)",
					"@executable_path/Frameworks",
				);
				PRODUCT_BUNDLE_IDENTIFIER = "harjasmonga.gpa-calculator";
				PRODUCT_NAME = "$(TARGET_NAME)";
				SWIFT_VERSION = 4.2;
				TARGETED_DEVICE_FAMILY = "1,2";
			};
			name = Release;
		};
		E3281E292159984C008355B5 /* Debug */ = {
			isa = XCBuildConfiguration;
			buildSettings = {
				ALWAYS_EMBED_SWIFT_STANDARD_LIBRARIES = YES;
				BUNDLE_LOADER = "$(TEST_HOST)";
				CODE_SIGN_STYLE = Automatic;
				DEVELOPMENT_TEAM = 58S676664G;
				INFOPLIST_FILE = "gpa-calculatorTests/Info.plist";
				LD_RUNPATH_SEARCH_PATHS = (
					"$(inherited)",
					"@executable_path/Frameworks",
					"@loader_path/Frameworks",
				);
				PRODUCT_BUNDLE_IDENTIFIER = "harjasmonga.gpa-calculatorTests";
				PRODUCT_NAME = "$(TARGET_NAME)";
				SWIFT_VERSION = 4.2;
				TARGETED_DEVICE_FAMILY = "1,2";
				TEST_HOST = "$(BUILT_PRODUCTS_DIR)/gpa-calculator.app/gpa-calculator";
			};
			name = Debug;
		};
		E3281E2A2159984C008355B5 /* Release */ = {
			isa = XCBuildConfiguration;
			buildSettings = {
				ALWAYS_EMBED_SWIFT_STANDARD_LIBRARIES = YES;
				BUNDLE_LOADER = "$(TEST_HOST)";
				CODE_SIGN_STYLE = Automatic;
				DEVELOPMENT_TEAM = 58S676664G;
				INFOPLIST_FILE = "gpa-calculatorTests/Info.plist";
				LD_RUNPATH_SEARCH_PATHS = (
					"$(inherited)",
					"@executable_path/Frameworks",
					"@loader_path/Frameworks",
				);
				PRODUCT_BUNDLE_IDENTIFIER = "harjasmonga.gpa-calculatorTests";
				PRODUCT_NAME = "$(TARGET_NAME)";
				SWIFT_VERSION = 4.2;
				TARGETED_DEVICE_FAMILY = "1,2";
				TEST_HOST = "$(BUILT_PRODUCTS_DIR)/gpa-calculator.app/gpa-calculator";
			};
			name = Release;
		};
		E3281E2C2159984C008355B5 /* Debug */ = {
			isa = XCBuildConfiguration;
			buildSettings = {
				ALWAYS_EMBED_SWIFT_STANDARD_LIBRARIES = YES;
				CODE_SIGN_STYLE = Automatic;
				DEVELOPMENT_TEAM = 58S676664G;
				INFOPLIST_FILE = "gpa-calculatorUITests/Info.plist";
				LD_RUNPATH_SEARCH_PATHS = (
					"$(inherited)",
					"@executable_path/Frameworks",
					"@loader_path/Frameworks",
				);
				PRODUCT_BUNDLE_IDENTIFIER = "harjasmonga.gpa-calculatorUITests";
				PRODUCT_NAME = "$(TARGET_NAME)";
				SWIFT_VERSION = 4.2;
				TARGETED_DEVICE_FAMILY = "1,2";
				TEST_TARGET_NAME = "gpa-calculator";
			};
			name = Debug;
		};
		E3281E2D2159984C008355B5 /* Release */ = {
			isa = XCBuildConfiguration;
			buildSettings = {
				ALWAYS_EMBED_SWIFT_STANDARD_LIBRARIES = YES;
				CODE_SIGN_STYLE = Automatic;
				DEVELOPMENT_TEAM = 58S676664G;
				INFOPLIST_FILE = "gpa-calculatorUITests/Info.plist";
				LD_RUNPATH_SEARCH_PATHS = (
					"$(inherited)",
					"@executable_path/Frameworks",
					"@loader_path/Frameworks",
				);
				PRODUCT_BUNDLE_IDENTIFIER = "harjasmonga.gpa-calculatorUITests";
				PRODUCT_NAME = "$(TARGET_NAME)";
				SWIFT_VERSION = 4.2;
				TARGETED_DEVICE_FAMILY = "1,2";
				TEST_TARGET_NAME = "gpa-calculator";
			};
			name = Release;
		};
/* End XCBuildConfiguration section */

/* Begin XCConfigurationList section */
		E3281DF821599845008355B5 /* Build configuration list for PBXProject "gpa-calculator" */ = {
			isa = XCConfigurationList;
			buildConfigurations = (
				E3281E232159984C008355B5 /* Debug */,
				E3281E242159984C008355B5 /* Release */,
			);
			defaultConfigurationIsVisible = 0;
			defaultConfigurationName = Release;
		};
		E3281E252159984C008355B5 /* Build configuration list for PBXNativeTarget "gpa-calculator" */ = {
			isa = XCConfigurationList;
			buildConfigurations = (
				E3281E262159984C008355B5 /* Debug */,
				E3281E272159984C008355B5 /* Release */,
			);
			defaultConfigurationIsVisible = 0;
			defaultConfigurationName = Release;
		};
		E3281E282159984C008355B5 /* Build configuration list for PBXNativeTarget "gpa-calculatorTests" */ = {
			isa = XCConfigurationList;
			buildConfigurations = (
				E3281E292159984C008355B5 /* Debug */,
				E3281E2A2159984C008355B5 /* Release */,
			);
			defaultConfigurationIsVisible = 0;
			defaultConfigurationName = Release;
		};
		E3281E2B2159984C008355B5 /* Build configuration list for PBXNativeTarget "gpa-calculatorUITests" */ = {
			isa = XCConfigurationList;
			buildConfigurations = (
				E3281E2C2159984C008355B5 /* Debug */,
				E3281E2D2159984C008355B5 /* Release */,
			);
			defaultConfigurationIsVisible = 0;
			defaultConfigurationName = Release;
		};
/* End XCConfigurationList section */
	};
	rootObject = E3281DF521599845008355B5 /* Project object */;
}
